
Microsoft Visual Studio Solution File, Format Version 12.00
# Visual Studio 2013
VisualStudioVersion = 12.0.30723.0
MinimumVisualStudioVersion = 10.0.40219.1
Project("{FAE04EC0-301F-11D3-BF4B-00C04F79EFBC}") = "Inocc.Compiler", "Inocc.Compiler\Inocc.Compiler.csproj", "{183E6C00-4582-420D-A965-86B815006326}"
EndProject
Project("{FAE04EC0-301F-11D3-BF4B-00C04F79EFBC}") = "Inocc.Cmd", "Inocc.Cmd\Inocc.Cmd.csproj", "{C97A5662-9BE7-4CA5-9D2C-CE57A6EC796E}"
EndProject
Project("{FAE04EC0-301F-11D3-BF4B-00C04F79EFBC}") = "Inocc.Core", "Inocc.Core\Inocc.Core.csproj", "{181398EF-5ECC-4CE4-A1C4-0B3C018F00B0}"
EndProject
Global
	GlobalSection(SolutionConfigurationPlatforms) = preSolution
		Debug|Any CPU = Debug|Any CPU
		Release|Any CPU = Release|Any CPU
	EndGlobalSection
	GlobalSection(ProjectConfigurationPlatforms) = postSolution
		{183E6C00-4582-420D-A965-86B815006326}.Debug|Any CPU.ActiveCfg = Debug|Any CPU
		{183E6C00-4582-420D-A965-86B815006326}.Debug|Any CPU.Build.0 = Debug|Any CPU
		{183E6C00-4582-420D-A965-86B815006326}.Release|Any CPU.ActiveCfg = Release|Any CPU
		{183E6C00-4582-420D-A965-86B815006326}.Release|Any CPU.Build.0 = Release|Any CPU
		{C97A5662-9BE7-4CA5-9D2C-CE57A6EC796E}.Debug|Any CPU.ActiveCfg = Debug|Any CPU
		{C97A5662-9BE7-4CA5-9D2C-CE57A6EC796E}.Debug|Any CPU.Build.0 = Debug|Any CPU
		{C97A5662-9BE7-4CA5-9D2C-CE57A6EC796E}.Release|Any CPU.ActiveCfg = Release|Any CPU
		{C97A5662-9BE7-4CA5-9D2C-CE57A6EC796E}.Release|Any CPU.Build.0 = Release|Any CPU
		{181398EF-5ECC-4CE4-A1C4-0B3C018F00B0}.Debug|Any CPU.ActiveCfg = Debug|Any CPU
		{181398EF-5ECC-4CE4-A1C4-0B3C018F00B0}.Debug|Any CPU.Build.0 = Debug|Any CPU
		{181398EF-5ECC-4CE4-A1C4-0B3C018F00B0}.Release|Any CPU.ActiveCfg = Release|Any CPU
		{181398EF-5ECC-4CE4-A1C4-0B3C018F00B0}.Release|Any CPU.Build.0 = Release|Any CPU
	EndGlobalSection
	GlobalSection(SolutionProperties) = preSolution
		HideSolutionNode = FALSE
	EndGlobalSection
EndGlobal
